// !$*UTF8*$!
{
	archiveVersion = 1;
	classes = {
	};
	objectVersion = 50;
	objects = {

/* Begin PBXBuildFile section */
		2C6FA50F23D2B26D0052783D /* AppDelegate.swift in Sources */ = {isa = PBXBuildFile; fileRef = 2C6FA50E23D2B26D0052783D /* AppDelegate.swift */; };
		2C6FA51123D2B26D0052783D /* SceneDelegate.swift in Sources */ = {isa = PBXBuildFile; fileRef = 2C6FA51023D2B26D0052783D /* SceneDelegate.swift */; };
		2C6FA51323D2B26D0052783D /* ContentView.swift in Sources */ = {isa = PBXBuildFile; fileRef = 2C6FA51223D2B26D0052783D /* ContentView.swift */; };
		2C6FA51523D2B26E0052783D /* Assets.xcassets in Resources */ = {isa = PBXBuildFile; fileRef = 2C6FA51423D2B26E0052783D /* Assets.xcassets */; };
		2C6FA51823D2B26E0052783D /* Preview Assets.xcassets in Resources */ = {isa = PBXBuildFile; fileRef = 2C6FA51723D2B26E0052783D /* Preview Assets.xcassets */; };
		2C6FA51B23D2B26E0052783D /* LaunchScreen.storyboard in Resources */ = {isa = PBXBuildFile; fileRef = 2C6FA51923D2B26E0052783D /* LaunchScreen.storyboard */; };
/* End PBXBuildFile section */

/* Begin PBXFileReference section */
		2C12447F24A1D55100ACAE54 /* BubbleSort.playground */ = {isa = PBXFileReference; lastKnownFileType = file.playground; path = BubbleSort.playground; sourceTree = "<group>"; xcLanguageSpecificationIdentifier = xcode.lang.swift; };
		2C12448024A1DCFE00ACAE54 /* MergeSort.playground */ = {isa = PBXFileReference; lastKnownFileType = file.playground; path = MergeSort.playground; sourceTree = "<group>"; xcLanguageSpecificationIdentifier = xcode.lang.swift; };
		2C12448124A1DD1A00ACAE54 /* QuickSort.playground */ = {isa = PBXFileReference; lastKnownFileType = file.playground; path = QuickSort.playground; sourceTree = "<group>"; xcLanguageSpecificationIdentifier = xcode.lang.swift; };
		2C12448224A1DD2F00ACAE54 /* ShellSort.playground */ = {isa = PBXFileReference; lastKnownFileType = file.playground; path = ShellSort.playground; sourceTree = "<group>"; xcLanguageSpecificationIdentifier = xcode.lang.swift; };
		2C4B92C32430C12E00A134D5 /* FizzBuzz.playground */ = {isa = PBXFileReference; lastKnownFileType = file.playground; path = FizzBuzz.playground; sourceTree = "<group>"; xcLanguageSpecificationIdentifier = xcode.lang.swift; };
		2C4B92C42430C38600A134D5 /* LinearAndBinarySearch.playground */ = {isa = PBXFileReference; lastKnownFileType = file.playground; path = LinearAndBinarySearch.playground; sourceTree = "<group>"; xcLanguageSpecificationIdentifier = xcode.lang.swift; };
		2C6FA50B23D2B26C0052783D /* SwiftAlgorithmLBTA.app */ = {isa = PBXFileReference; explicitFileType = wrapper.application; includeInIndex = 0; path = SwiftAlgorithmLBTA.app; sourceTree = BUILT_PRODUCTS_DIR; };
		2C6FA50E23D2B26D0052783D /* AppDelegate.swift */ = {isa = PBXFileReference; lastKnownFileType = sourcecode.swift; path = AppDelegate.swift; sourceTree = "<group>"; };
		2C6FA51023D2B26D0052783D /* SceneDelegate.swift */ = {isa = PBXFileReference; lastKnownFileType = sourcecode.swift; path = SceneDelegate.swift; sourceTree = "<group>"; };
		2C6FA51223D2B26D0052783D /* ContentView.swift */ = {isa = PBXFileReference; lastKnownFileType = sourcecode.swift; path = ContentView.swift; sourceTree = "<group>"; };
		2C6FA51423D2B26E0052783D /* Assets.xcassets */ = {isa = PBXFileReference; lastKnownFileType = folder.assetcatalog; path = Assets.xcassets; sourceTree = "<group>"; };
		2C6FA51723D2B26E0052783D /* Preview Assets.xcassets */ = {isa = PBXFileReference; lastKnownFileType = folder.assetcatalog; path = "Preview Assets.xcassets"; sourceTree = "<group>"; };
		2C6FA51A23D2B26E0052783D /* Base */ = {isa = PBXFileReference; lastKnownFileType = file.storyboard; name = Base; path = Base.lproj/LaunchScreen.storyboard; sourceTree = "<group>"; };
		2C6FA51C23D2B26E0052783D /* Info.plist */ = {isa = PBXFileReference; lastKnownFileType = text.plist.xml; path = Info.plist; sourceTree = "<group>"; };
		2C6FA52323D2B3120052783D /* MostCommonNameInArrey.playground */ = {isa = PBXFileReference; lastKnownFileType = file.playground; path = MostCommonNameInArrey.playground; sourceTree = "<group>"; xcLanguageSpecificationIdentifier = xcode.lang.swift; };
		2C6FA52423D2D2590052783D /* ReverseAString.playground */ = {isa = PBXFileReference; lastKnownFileType = file.playground; path = ReverseAString.playground; sourceTree = "<group>"; xcLanguageSpecificationIdentifier = xcode.lang.swift; };
		2CB585CA24D6DF9000FECD61 /* Test.playground */ = {isa = PBXFileReference; lastKnownFileType = file.playground; path = Test.playground; sourceTree = "<group>"; xcLanguageSpecificationIdentifier = xcode.lang.swift; };
		2CB585CB24D6E07F00FECD61 /* FibonacciSequence.playground */ = {isa = PBXFileReference; lastKnownFileType = file.playground; path = FibonacciSequence.playground; sourceTree = "<group>"; xcLanguageSpecificationIdentifier = xcode.lang.swift; };
		2CB585CC24D6E61D00FECD61 /* WrappingAnArrey.playground */ = {isa = PBXFileReference; lastKnownFileType = file.playground; path = WrappingAnArrey.playground; sourceTree = "<group>"; xcLanguageSpecificationIdentifier = xcode.lang.swift; };
		2CF4255C2430D16900045084 /* Factorial&Recursion.playground */ = {isa = PBXFileReference; lastKnownFileType = file.playground; path = "Factorial&Recursion.playground"; sourceTree = "<group>"; xcLanguageSpecificationIdentifier = xcode.lang.swift; };
/* End PBXFileReference section */

/* Begin PBXFrameworksBuildPhase section */
		2C6FA50823D2B26C0052783D /* Frameworks */ = {
			isa = PBXFrameworksBuildPhase;
			buildActionMask = 2147483647;
			files = (
			);
			runOnlyForDeploymentPostprocessing = 0;
		};
/* End PBXFrameworksBuildPhase section */

/* Begin PBXGroup section */
		2C12447D24A1D48200ACAE54 /* DataStructure-AbdulBari */ = {
			isa = PBXGroup;
			children = (
				2C12447E24A1D51200ACAE54 /* SortingAlgorithm */,
			);
			path = "DataStructure-AbdulBari";
			sourceTree = "<group>";
		};
		2C12447E24A1D51200ACAE54 /* SortingAlgorithm */ = {
			isa = PBXGroup;
			children = (
				2C12447F24A1D55100ACAE54 /* BubbleSort.playground */,
				2C12448024A1DCFE00ACAE54 /* MergeSort.playground */,
				2C12448124A1DD1A00ACAE54 /* QuickSort.playground */,
				2C12448224A1DD2F00ACAE54 /* ShellSort.playground */,
			);
			path = SortingAlgorithm;
			sourceTree = "<group>";
		};
		2C6FA50223D2B26C0052783D = {
			isa = PBXGroup;
			children = (
				2CB585CA24D6DF9000FECD61 /* Test.playground */,
				2C12447D24A1D48200ACAE54 /* DataStructure-AbdulBari */,
				2C6FA52223D2B2B40052783D /* DataStructure-LetsBuildAnApp */,
				2C6FA50D23D2B26C0052783D /* SwiftAlgorithmLBTA */,
				2C6FA50C23D2B26C0052783D /* Products */,
			);
			sourceTree = "<group>";
		};
		2C6FA50C23D2B26C0052783D /* Products */ = {
			isa = PBXGroup;
			children = (
				2C6FA50B23D2B26C0052783D /* SwiftAlgorithmLBTA.app */,
			);
			name = Products;
			sourceTree = "<group>";
		};
		2C6FA50D23D2B26C0052783D /* SwiftAlgorithmLBTA */ = {
			isa = PBXGroup;
			children = (
				2C6FA50E23D2B26D0052783D /* AppDelegate.swift */,
				2C6FA51023D2B26D0052783D /* SceneDelegate.swift */,
				2C6FA51223D2B26D0052783D /* ContentView.swift */,
				2C6FA51423D2B26E0052783D /* Assets.xcassets */,
				2C6FA51923D2B26E0052783D /* LaunchScreen.storyboard */,
				2C6FA51C23D2B26E0052783D /* Info.plist */,
				2C6FA51623D2B26E0052783D /* Preview Content */,
			);
			path = SwiftAlgorithmLBTA;
			sourceTree = "<group>";
		};
		2C6FA51623D2B26E0052783D /* Preview Content */ = {
			isa = PBXGroup;
			children = (
				2C6FA51723D2B26E0052783D /* Preview Assets.xcassets */,
			);
			path = "Preview Content";
			sourceTree = "<group>";
		};
		2C6FA52223D2B2B40052783D /* DataStructure-LetsBuildAnApp */ = {
			isa = PBXGroup;
			children = (
				2C4B92C32430C12E00A134D5 /* FizzBuzz.playground */,
				2C4B92C42430C38600A134D5 /* LinearAndBinarySearch.playground */,
				2CF4255C2430D16900045084 /* Factorial&Recursion.playground */,
				2C6FA52323D2B3120052783D /* MostCommonNameInArrey.playground */,
				2C6FA52423D2D2590052783D /* ReverseAString.playground */,
				2CB585CB24D6E07F00FECD61 /* FibonacciSequence.playground */,
				2CB585CC24D6E61D00FECD61 /* WrappingAnArrey.playground */,
			);
			path = "DataStructure-LetsBuildAnApp";
			sourceTree = "<group>";
		};
/* End PBXGroup section */

/* Begin PBXNativeTarget section */
		2C6FA50A23D2B26C0052783D /* SwiftAlgorithmLBTA */ = {
			isa = PBXNativeTarget;
			buildConfigurationList = 2C6FA51F23D2B26E0052783D /* Build configuration list for PBXNativeTarget "SwiftAlgorithmLBTA" */;
			buildPhases = (
				2C6FA50723D2B26C0052783D /* Sources */,
				2C6FA50823D2B26C0052783D /* Frameworks */,
				2C6FA50923D2B26C0052783D /* Resources */,
			);
			buildRules = (
			);
			dependencies = (
			);
			name = SwiftAlgorithmLBTA;
			productName = SwiftAlgorithmLBTA;
			productReference = 2C6FA50B23D2B26C0052783D /* SwiftAlgorithmLBTA.app */;
			productType = "com.apple.product-type.application";
		};
/* End PBXNativeTarget section */

/* Begin PBXProject section */
		2C6FA50323D2B26C0052783D /* Project object */ = {
			isa = PBXProject;
			attributes = {
				LastSwiftUpdateCheck = 1130;
				LastUpgradeCheck = 1130;
				ORGANIZATIONNAME = "Pankaj Kumar";
				TargetAttributes = {
					2C6FA50A23D2B26C0052783D = {
						CreatedOnToolsVersion = 11.3.1;
					};
				};
			};
			buildConfigurationList = 2C6FA50623D2B26C0052783D /* Build configuration list for PBXProject "SwiftAlgorithmLBTA" */;
			compatibilityVersion = "Xcode 9.3";
			developmentRegion = en;
			hasScannedForEncodings = 0;
			knownRegions = (
				en,
				Base,
			);
			mainGroup = 2C6FA50223D2B26C0052783D;
			productRefGroup = 2C6FA50C23D2B26C0052783D /* Products */;
			projectDirPath = "";
			projectRoot = "";
			targets = (
				2C6FA50A23D2B26C0052783D /* SwiftAlgorithmLBTA */,
			);
		};
/* End PBXProject section */

/* Begin PBXResourcesBuildPhase section */
		2C6FA50923D2B26C0052783D /* Resources */ = {
			isa = PBXResourcesBuildPhase;
			buildActionMask = 2147483647;
			files = (
				2C6FA51B23D2B26E0052783D /* LaunchScreen.storyboard in Resources */,
				2C6FA51823D2B26E0052783D /* Preview Assets.xcassets in Resources */,
				2C6FA51523D2B26E0052783D /* Assets.xcassets in Resources */,
			);
			runOnlyForDeploymentPostprocessing = 0;
		};
/* End PBXResourcesBuildPhase section */

/* Begin PBXSourcesBuildPhase section */
		2C6FA50723D2B26C0052783D /* Sources */ = {
			isa = PBXSourcesBuildPhase;
			buildActionMask = 2147483647;
			files = (
				2C6FA50F23D2B26D0052783D /* AppDelegate.swift in Sources */,
				2C6FA51123D2B26D0052783D /* SceneDelegate.swift in Sources */,
				2C6FA51323D2B26D0052783D /* ContentView.swift in Sources */,
			);
			runOnlyForDeploymentPostprocessing = 0;
		};
/* End PBXSourcesBuildPhase section */

/* Begin PBXVariantGroup section */
		2C6FA51923D2B26E0052783D /* LaunchScreen.storyboard */ = {
			isa = PBXVariantGroup;
			children = (
				2C6FA51A23D2B26E0052783D /* Base */,
			);
			name = LaunchScreen.storyboard;
			sourceTree = "<group>";
		};
/* End PBXVariantGroup section */

/* Begin XCBuildConfiguration section */
		2C6FA51D23D2B26E0052783D /* Debug */ = {
			isa = XCBuildConfiguration;
			buildSettings = {
				ALWAYS_SEARCH_USER_PATHS = NO;
				CLANG_ANALYZER_NONNULL = YES;
				CLANG_ANALYZER_NUMBER_OBJECT_CONVERSION = YES_AGGRESSIVE;
				CLANG_CXX_LANGUAGE_STANDARD = "gnu++14";
				CLANG_CXX_LIBRARY = "libc++";
				CLANG_ENABLE_MODULES = YES;
				CLANG_ENABLE_OBJC_ARC = YES;
				CLANG_ENABLE_OBJC_WEAK = YES;
				CLANG_WARN_BLOCK_CAPTURE_AUTORELEASING = YES;
				CLANG_WARN_BOOL_CONVERSION = YES;
				CLANG_WARN_COMMA = YES;
				CLANG_WARN_CONSTANT_CONVERSION = YES;
				CLANG_WARN_DEPRECATED_OBJC_IMPLEMENTATIONS = YES;
				CLANG_WARN_DIRECT_OBJC_ISA_USAGE = YES_ERROR;
				CLANG_WARN_DOCUMENTATION_COMMENTS = YES;
				CLANG_WARN_EMPTY_BODY = YES;
				CLANG_WARN_ENUM_CONVERSION = YES;
				CLANG_WARN_INFINITE_RECURSION = YES;
				CLANG_WARN_INT_CONVERSION = YES;
				CLANG_WARN_NON_LITERAL_NULL_CONVERSION = YES;
				CLANG_WARN_OBJC_IMPLICIT_RETAIN_SELF = YES;
				CLANG_WARN_OBJC_LITERAL_CONVERSION = YES;
				CLANG_WARN_OBJC_ROOT_CLASS = YES_ERROR;
				CLANG_WARN_RANGE_LOOP_ANALYSIS = YES;
				CLANG_WARN_STRICT_PROTOTYPES = YES;
				CLANG_WARN_SUSPICIOUS_MOVE = YES;
				CLANG_WARN_UNGUARDED_AVAILABILITY = YES_AGGRESSIVE;
				CLANG_WARN_UNREACHABLE_CODE = YES;
				CLANG_WARN__DUPLICATE_METHOD_MATCH = YES;
				COPY_PHASE_STRIP = NO;
				DEBUG_INFORMATION_FORMAT = dwarf;
				ENABLE_STRICT_OBJC_MSGSEND = YES;
				ENABLE_TESTABILITY = YES;
				GCC_C_LANGUAGE_STANDARD = gnu11;
				GCC_DYNAMIC_NO_PIC = NO;
				GCC_NO_COMMON_BLOCKS = YES;
				GCC_OPTIMIZATION_LEVEL = 0;
				GCC_PREPROCESSOR_DEFINITIONS = (
					"DEBUG=1",
					"$(inherited)",
				);
				GCC_WARN_64_TO_32_BIT_CONVERSION = YES;
				GCC_WARN_ABOUT_RETURN_TYPE = YES_ERROR;
				GCC_WARN_UNDECLARED_SELECTOR = YES;
				GCC_WARN_UNINITIALIZED_AUTOS = YES_AGGRESSIVE;
				GCC_WARN_UNUSED_FUNCTION = YES;
				GCC_WARN_UNUSED_VARIABLE = YES;
				IPHONEOS_DEPLOYMENT_TARGET = 13.2;
				MTL_ENABLE_DEBUG_INFO = INCLUDE_SOURCE;
				MTL_FAST_MATH = YES;
				ONLY_ACTIVE_ARCH = YES;
				SDKROOT = iphoneos;
				SWIFT_ACTIVE_COMPILATION_CONDITIONS = DEBUG;
				SWIFT_OPTIMIZATION_LEVEL = "-Onone";
			};
			name = Debug;
		};
		2C6FA51E23D2B26E0052783D /* Release */ = {
			isa = XCBuildConfiguration;
			buildSettings = {
				ALWAYS_SEARCH_USER_PATHS = NO;
				CLANG_ANALYZER_NONNULL = YES;
				CLANG_ANALYZER_NUMBER_OBJECT_CONVERSION = YES_AGGRESSIVE;
				CLANG_CXX_LANGUAGE_STANDARD = "gnu++14";
				CLANG_CXX_LIBRARY = "libc++";
				CLANG_ENABLE_MODULES = YES;
				CLANG_ENABLE_OBJC_ARC = YES;
				CLANG_ENABLE_OBJC_WEAK = YES;
				CLANG_WARN_BLOCK_CAPTURE_AUTORELEASING = YES;
				CLANG_WARN_BOOL_CONVERSION = YES;
				CLANG_WARN_COMMA = YES;
				CLANG_WARN_CONSTANT_CONVERSION = YES;
				CLANG_WARN_DEPRECATED_OBJC_IMPLEMENTATIONS = YES;
				CLANG_WARN_DIRECT_OBJC_ISA_USAGE = YES_ERROR;
				CLANG_WARN_DOCUMENTATION_COMMENTS = YES;
				CLANG_WARN_EMPTY_BODY = YES;
				CLANG_WARN_ENUM_CONVERSION = YES;
				CLANG_WARN_INFINITE_RECURSION = YES;
				CLANG_WARN_INT_CONVERSION = YES;
				CLANG_WARN_NON_LITERAL_NULL_CONVERSION = YES;
				CLANG_WARN_OBJC_IMPLICIT_RETAIN_SELF = YES;
				CLANG_WARN_OBJC_LITERAL_CONVERSION = YES;
				CLANG_WARN_OBJC_ROOT_CLASS = YES_ERROR;
				CLANG_WARN_RANGE_LOOP_ANALYSIS = YES;
				CLANG_WARN_STRICT_PROTOTYPES = YES;
				CLANG_WARN_SUSPICIOUS_MOVE = YES;
				CLANG_WARN_UNGUARDED_AVAILABILITY = YES_AGGRESSIVE;
				CLANG_WARN_UNREACHABLE_CODE = YES;
				CLANG_WARN__DUPLICATE_METHOD_MATCH = YES;
				COPY_PHASE_STRIP = NO;
				DEBUG_INFORMATION_FORMAT = "dwarf-with-dsym";
				ENABLE_NS_ASSERTIONS = NO;
				ENABLE_STRICT_OBJC_MSGSEND = YES;
				GCC_C_LANGUAGE_STANDARD = gnu11;
				GCC_NO_COMMON_BLOCKS = YES;
				GCC_WARN_64_TO_32_BIT_CONVERSION = YES;
				GCC_WARN_ABOUT_RETURN_TYPE = YES_ERROR;
				GCC_WARN_UNDECLARED_SELECTOR = YES;
				GCC_WARN_UNINITIALIZED_AUTOS = YES_AGGRESSIVE;
				GCC_WARN_UNUSED_FUNCTION = YES;
				GCC_WARN_UNUSED_VARIABLE = YES;
				IPHONEOS_DEPLOYMENT_TARGET = 13.2;
				MTL_ENABLE_DEBUG_INFO = NO;
				MTL_FAST_MATH = YES;
				SDKROOT = iphoneos;
				SWIFT_COMPILATION_MODE = wholemodule;
				SWIFT_OPTIMIZATION_LEVEL = "-O";
				VALIDATE_PRODUCT = YES;
			};
			name = Release;
		};
		2C6FA52023D2B26E0052783D /* Debug */ = {
			isa = XCBuildConfiguration;
			buildSettings = {
				ASSETCATALOG_COMPILER_APPICON_NAME = AppIcon;
				CODE_SIGN_STYLE = Automatic;
				DEVELOPMENT_ASSET_PATHS = "\"SwiftAlgorithmLBTA/Preview Content\"";
				ENABLE_PREVIEWS = YES;
				INFOPLIST_FILE = SwiftAlgorithmLBTA/Info.plist;
				LD_RUNPATH_SEARCH_PATHS = (
					"$(inherited)",
					"@executable_path/Frameworks",
				);
				PRODUCT_BUNDLE_IDENTIFIER = Demo.SwiftAlgorithmLBTA;
				PRODUCT_NAME = "$(TARGET_NAME)";
				SWIFT_VERSION = 5.0;
				TARGETED_DEVICE_FAMILY = "1,2";
			};
			name = Debug;
		};
		2C6FA52123D2B26E0052783D /* Release */ = {
			isa = XCBuildConfiguration;
			buildSettings = {
				ASSETCATALOG_COMPILER_APPICON_NAME = AppIcon;
				CODE_SIGN_STYLE = Automatic;
				DEVELOPMENT_ASSET_PATHS = "\"SwiftAlgorithmLBTA/Preview Content\"";
				ENABLE_PREVIEWS = YES;
				INFOPLIST_FILE = SwiftAlgorithmLBTA/Info.plist;
				LD_RUNPATH_SEARCH_PATHS = (
					"$(inherited)",
					"@executable_path/Frameworks",
				);
				PRODUCT_BUNDLE_IDENTIFIER = Demo.SwiftAlgorithmLBTA;
				PRODUCT_NAME = "$(TARGET_NAME)";
				SWIFT_VERSION = 5.0;
				TARGETED_DEVICE_FAMILY = "1,2";
			};
			name = Release;
		};
/* End XCBuildConfiguration section */

/* Begin XCConfigurationList section */
		2C6FA50623D2B26C0052783D /* Build configuration list for PBXProject "SwiftAlgorithmLBTA" */ = {
			isa = XCConfigurationList;
			buildConfigurations = (
				2C6FA51D23D2B26E0052783D /* Debug */,
				2C6FA51E23D2B26E0052783D /* Release */,
			);
			defaultConfigurationIsVisible = 0;
			defaultConfigurationName = Release;
		};
		2C6FA51F23D2B26E0052783D /* Build configuration list for PBXNativeTarget "SwiftAlgorithmLBTA" */ = {
			isa = XCConfigurationList;
			buildConfigurations = (
				2C6FA52023D2B26E0052783D /* Debug */,
				2C6FA52123D2B26E0052783D /* Release */,
			);
			defaultConfigurationIsVisible = 0;
			defaultConfigurationName = Release;
		};
/* End XCConfigurationList section */
	};
	rootObject = 2C6FA50323D2B26C0052783D /* Project object */;
}
